// !$*UTF8*$!
{
	archiveVersion = 1;
	classes = {
	};
	objectVersion = 50;
	objects = {

/* Begin PBXBuildFile section */
		3CF0A6B623FF0FD00092D7BE /* AppDelegate.swift in Sources */ = {isa = PBXBuildFile; fileRef = 3CF0A6B523FF0FD00092D7BE /* AppDelegate.swift */; };
		3CF0A6BA23FF0FD00092D7BE /* ViewController.swift in Sources */ = {isa = PBXBuildFile; fileRef = 3CF0A6B923FF0FD00092D7BE /* ViewController.swift */; };
		3CF0A6BD23FF0FD00092D7BE /* Main.storyboard in Resources */ = {isa = PBXBuildFile; fileRef = 3CF0A6BB23FF0FD00092D7BE /* Main.storyboard */; };
		3CF0A6BF23FF0FD10092D7BE /* Assets.xcassets in Resources */ = {isa = PBXBuildFile; fileRef = 3CF0A6BE23FF0FD10092D7BE /* Assets.xcassets */; };
		3CF0A6C223FF0FD10092D7BE /* LaunchScreen.storyboard in Resources */ = {isa = PBXBuildFile; fileRef = 3CF0A6C023FF0FD10092D7BE /* LaunchScreen.storyboard */; };
		3CF0A6D023FF112A0092D7BE /* AppDelegate.swift in Sources */ = {isa = PBXBuildFile; fileRef = 3CF0A6CF23FF112A0092D7BE /* AppDelegate.swift */; };
		3CF0A6D423FF112A0092D7BE /* ViewController.swift in Sources */ = {isa = PBXBuildFile; fileRef = 3CF0A6D323FF112A0092D7BE /* ViewController.swift */; };
		3CF0A6D723FF112A0092D7BE /* Main.storyboard in Resources */ = {isa = PBXBuildFile; fileRef = 3CF0A6D523FF112A0092D7BE /* Main.storyboard */; };
		3CF0A6DC23FF112B0092D7BE /* LaunchScreen.storyboard in Resources */ = {isa = PBXBuildFile; fileRef = 3CF0A6DA23FF112B0092D7BE /* LaunchScreen.storyboard */; };
		3CF0A6E223FF13AB0092D7BE /* Assets.xcassets in Resources */ = {isa = PBXBuildFile; fileRef = 3CF0A6BE23FF0FD10092D7BE /* Assets.xcassets */; };
/* End PBXBuildFile section */

/* Begin PBXFileReference section */
		3CF0A6B223FF0FD00092D7BE /* okg.app */ = {isa = PBXFileReference; explicitFileType = wrapper.application; includeInIndex = 0; path = okg.app; sourceTree = BUILT_PRODUCTS_DIR; };
		3CF0A6B523FF0FD00092D7BE /* AppDelegate.swift */ = {isa = PBXFileReference; lastKnownFileType = sourcecode.swift; path = AppDelegate.swift; sourceTree = "<group>"; };
		3CF0A6B923FF0FD00092D7BE /* ViewController.swift */ = {isa = PBXFileReference; lastKnownFileType = sourcecode.swift; path = ViewController.swift; sourceTree = "<group>"; };
		3CF0A6BC23FF0FD00092D7BE /* Base */ = {isa = PBXFileReference; lastKnownFileType = file.storyboard; name = Base; path = Base.lproj/Main.storyboard; sourceTree = "<group>"; };
		3CF0A6BE23FF0FD10092D7BE /* Assets.xcassets */ = {isa = PBXFileReference; lastKnownFileType = folder.assetcatalog; path = Assets.xcassets; sourceTree = "<group>"; };
		3CF0A6C123FF0FD10092D7BE /* Base */ = {isa = PBXFileReference; lastKnownFileType = file.storyboard; name = Base; path = Base.lproj/LaunchScreen.storyboard; sourceTree = "<group>"; };
		3CF0A6C323FF0FD10092D7BE /* Info.plist */ = {isa = PBXFileReference; lastKnownFileType = text.plist.xml; path = Info.plist; sourceTree = "<group>"; };
		3CF0A6CD23FF112A0092D7BE /* okgAdmin.app */ = {isa = PBXFileReference; explicitFileType = wrapper.application; includeInIndex = 0; path = okgAdmin.app; sourceTree = BUILT_PRODUCTS_DIR; };
		3CF0A6CF23FF112A0092D7BE /* AppDelegate.swift */ = {isa = PBXFileReference; lastKnownFileType = sourcecode.swift; path = AppDelegate.swift; sourceTree = "<group>"; };
		3CF0A6D323FF112A0092D7BE /* ViewController.swift */ = {isa = PBXFileReference; lastKnownFileType = sourcecode.swift; path = ViewController.swift; sourceTree = "<group>"; };
		3CF0A6D623FF112A0092D7BE /* Base */ = {isa = PBXFileReference; lastKnownFileType = file.storyboard; name = Base; path = Base.lproj/Main.storyboard; sourceTree = "<group>"; };
		3CF0A6DB23FF112B0092D7BE /* Base */ = {isa = PBXFileReference; lastKnownFileType = file.storyboard; name = Base; path = Base.lproj/LaunchScreen.storyboard; sourceTree = "<group>"; };
		3CF0A6DD23FF112B0092D7BE /* Info.plist */ = {isa = PBXFileReference; lastKnownFileType = text.plist.xml; path = Info.plist; sourceTree = "<group>"; };
/* End PBXFileReference section */

/* Begin PBXFrameworksBuildPhase section */
		3CF0A6AF23FF0FD00092D7BE /* Frameworks */ = {
			isa = PBXFrameworksBuildPhase;
			buildActionMask = 2147483647;
			files = (
			);
			runOnlyForDeploymentPostprocessing = 0;
		};
		3CF0A6CA23FF112A0092D7BE /* Frameworks */ = {
			isa = PBXFrameworksBuildPhase;
			buildActionMask = 2147483647;
			files = (
			);
			runOnlyForDeploymentPostprocessing = 0;
		};
/* End PBXFrameworksBuildPhase section */

/* Begin PBXGroup section */
		3CF0A6A923FF0FD00092D7BE = {
			isa = PBXGroup;
			children = (
				3CF0A6E123FF13570092D7BE /* Shared */,
				3CF0A6B423FF0FD00092D7BE /* okg */,
				3CF0A6CE23FF112A0092D7BE /* okgAdmin */,
				3CF0A6B323FF0FD00092D7BE /* Products */,
			);
			sourceTree = "<group>";
		};
		3CF0A6B323FF0FD00092D7BE /* Products */ = {
			isa = PBXGroup;
			children = (
				3CF0A6B223FF0FD00092D7BE /* okg.app */,
				3CF0A6CD23FF112A0092D7BE /* okgAdmin.app */,
			);
			name = Products;
			sourceTree = "<group>";
		};
		3CF0A6B423FF0FD00092D7BE /* okg */ = {
			isa = PBXGroup;
			children = (
				3CF0A6B523FF0FD00092D7BE /* AppDelegate.swift */,
				3CF0A6B923FF0FD00092D7BE /* ViewController.swift */,
				3CF0A6BB23FF0FD00092D7BE /* Main.storyboard */,
				3CF0A6C023FF0FD10092D7BE /* LaunchScreen.storyboard */,
				3CF0A6C323FF0FD10092D7BE /* Info.plist */,
			);
			path = okg;
			sourceTree = "<group>";
		};
		3CF0A6CE23FF112A0092D7BE /* okgAdmin */ = {
			isa = PBXGroup;
			children = (
				3CF0A6CF23FF112A0092D7BE /* AppDelegate.swift */,
				3CF0A6D323FF112A0092D7BE /* ViewController.swift */,
				3CF0A6D523FF112A0092D7BE /* Main.storyboard */,
				3CF0A6DA23FF112B0092D7BE /* LaunchScreen.storyboard */,
				3CF0A6DD23FF112B0092D7BE /* Info.plist */,
			);
			path = okgAdmin;
			sourceTree = "<group>";
		};
		3CF0A6E123FF13570092D7BE /* Shared */ = {
			isa = PBXGroup;
			children = (
				3CF0A6BE23FF0FD10092D7BE /* Assets.xcassets */,
			);
			path = Shared;
			sourceTree = "<group>";
		};
/* End PBXGroup section */

/* Begin PBXNativeTarget section */
		3CF0A6B123FF0FD00092D7BE /* okg */ = {
			isa = PBXNativeTarget;
			buildConfigurationList = 3CF0A6C623FF0FD10092D7BE /* Build configuration list for PBXNativeTarget "okg" */;
			buildPhases = (
				3CF0A6AE23FF0FD00092D7BE /* Sources */,
				3CF0A6AF23FF0FD00092D7BE /* Frameworks */,
				3CF0A6B023FF0FD00092D7BE /* Resources */,
			);
			buildRules = (
			);
			dependencies = (
			);
			name = okg;
			productName = okg;
			productReference = 3CF0A6B223FF0FD00092D7BE /* okg.app */;
			productType = "com.apple.product-type.application";
		};
		3CF0A6CC23FF112A0092D7BE /* okgAdmin */ = {
			isa = PBXNativeTarget;
			buildConfigurationList = 3CF0A6DE23FF112B0092D7BE /* Build configuration list for PBXNativeTarget "okgAdmin" */;
			buildPhases = (
				3CF0A6C923FF112A0092D7BE /* Sources */,
				3CF0A6CA23FF112A0092D7BE /* Frameworks */,
				3CF0A6CB23FF112A0092D7BE /* Resources */,
			);
			buildRules = (
			);
			dependencies = (
			);
			name = okgAdmin;
			productName = okgAdmin;
			productReference = 3CF0A6CD23FF112A0092D7BE /* okgAdmin.app */;
			productType = "com.apple.product-type.application";
		};
/* End PBXNativeTarget section */

/* Begin PBXProject section */
		3CF0A6AA23FF0FD00092D7BE /* Project object */ = {
			isa = PBXProject;
			attributes = {
				LastSwiftUpdateCheck = 1130;
				LastUpgradeCheck = 1130;
				ORGANIZATIONNAME = Maori;
				TargetAttributes = {
					3CF0A6B123FF0FD00092D7BE = {
						CreatedOnToolsVersion = 11.3.1;
					};
					3CF0A6CC23FF112A0092D7BE = {
						CreatedOnToolsVersion = 11.3.1;
					};
				};
			};
			buildConfigurationList = 3CF0A6AD23FF0FD00092D7BE /* Build configuration list for PBXProject "okg" */;
			compatibilityVersion = "Xcode 9.3";
			developmentRegion = en;
			hasScannedForEncodings = 0;
			knownRegions = (
				en,
				Base,
			);
			mainGroup = 3CF0A6A923FF0FD00092D7BE;
			productRefGroup = 3CF0A6B323FF0FD00092D7BE /* Products */;
			projectDirPath = "";
			projectRoot = "";
			targets = (
				3CF0A6B123FF0FD00092D7BE /* okg */,
				3CF0A6CC23FF112A0092D7BE /* okgAdmin */,
			);
		};
/* End PBXProject section */

/* Begin PBXResourcesBuildPhase section */
		3CF0A6B023FF0FD00092D7BE /* Resources */ = {
			isa = PBXResourcesBuildPhase;
			buildActionMask = 2147483647;
			files = (
				3CF0A6C223FF0FD10092D7BE /* LaunchScreen.storyboard in Resources */,
				3CF0A6BF23FF0FD10092D7BE /* Assets.xcassets in Resources */,
				3CF0A6BD23FF0FD00092D7BE /* Main.storyboard in Resources */,
			);
			runOnlyForDeploymentPostprocessing = 0;
		};
		3CF0A6CB23FF112A0092D7BE /* Resources */ = {
			isa = PBXResourcesBuildPhase;
			buildActionMask = 2147483647;
			files = (
				3CF0A6DC23FF112B0092D7BE /* LaunchScreen.storyboard in Resources */,
				3CF0A6E223FF13AB0092D7BE /* Assets.xcassets in Resources */,
				3CF0A6D723FF112A0092D7BE /* Main.storyboard in Resources */,
			);
			runOnlyForDeploymentPostprocessing = 0;
		};
/* End PBXResourcesBuildPhase section */

/* Begin PBXSourcesBuildPhase section */
		3CF0A6AE23FF0FD00092D7BE /* Sources */ = {
			isa = PBXSourcesBuildPhase;
			buildActionMask = 2147483647;
			files = (
				3CF0A6BA23FF0FD00092D7BE /* ViewController.swift in Sources */,
				3CF0A6B623FF0FD00092D7BE /* AppDelegate.swift in Sources */,
			);
			runOnlyForDeploymentPostprocessing = 0;
		};
		3CF0A6C923FF112A0092D7BE /* Sources */ = {
			isa = PBXSourcesBuildPhase;
			buildActionMask = 2147483647;
			files = (
				3CF0A6D423FF112A0092D7BE /* ViewController.swift in Sources */,
				3CF0A6D023FF112A0092D7BE /* AppDelegate.swift in Sources */,
			);
			runOnlyForDeploymentPostprocessing = 0;
		};
/* End PBXSourcesBuildPhase section */

/* Begin PBXVariantGroup section */
		3CF0A6BB23FF0FD00092D7BE /* Main.storyboard */ = {
			isa = PBXVariantGroup;
			children = (
				3CF0A6BC23FF0FD00092D7BE /* Base */,
			);
			name = Main.storyboard;
			sourceTree = "<group>";
		};
		3CF0A6C023FF0FD10092D7BE /* LaunchScreen.storyboard */ = {
			isa = PBXVariantGroup;
			children = (
				3CF0A6C123FF0FD10092D7BE /* Base */,
			);
			name = LaunchScreen.storyboard;
			sourceTree = "<group>";
		};
		3CF0A6D523FF112A0092D7BE /* Main.storyboard */ = {
			isa = PBXVariantGroup;
			children = (
				3CF0A6D623FF112A0092D7BE /* Base */,
			);
			name = Main.storyboard;
			sourceTree = "<group>";
		};
		3CF0A6DA23FF112B0092D7BE /* LaunchScreen.storyboard */ = {
			isa = PBXVariantGroup;
			children = (
				3CF0A6DB23FF112B0092D7BE /* Base */,
			);
			name = LaunchScreen.storyboard;
			sourceTree = "<group>";
		};
/* End PBXVariantGroup section */

/* Begin XCBuildConfiguration section */
		3CF0A6C423FF0FD10092D7BE /* Debug */ = {
			isa = XCBuildConfiguration;
			buildSettings = {
				ALWAYS_SEARCH_USER_PATHS = NO;
				CLANG_ANALYZER_NONNULL = YES;
				CLANG_ANALYZER_NUMBER_OBJECT_CONVERSION = YES_AGGRESSIVE;
				CLANG_CXX_LANGUAGE_STANDARD = "gnu++14";
				CLANG_CXX_LIBRARY = "libc++";
				CLANG_ENABLE_MODULES = YES;
				CLANG_ENABLE_OBJC_ARC = YES;
				CLANG_ENABLE_OBJC_WEAK = YES;
				CLANG_WARN_BLOCK_CAPTURE_AUTORELEASING = YES;
				CLANG_WARN_BOOL_CONVERSION = YES;
				CLANG_WARN_COMMA = YES;
				CLANG_WARN_CONSTANT_CONVERSION = YES;
				CLANG_WARN_DEPRECATED_OBJC_IMPLEMENTATIONS = YES;
				CLANG_WARN_DIRECT_OBJC_ISA_USAGE = YES_ERROR;
				CLANG_WARN_DOCUMENTATION_COMMENTS = YES;
				CLANG_WARN_EMPTY_BODY = YES;
				CLANG_WARN_ENUM_CONVERSION = YES;
				CLANG_WARN_INFINITE_RECURSION = YES;
				CLANG_WARN_INT_CONVERSION = YES;
				CLANG_WARN_NON_LITERAL_NULL_CONVERSION = YES;
				CLANG_WARN_OBJC_IMPLICIT_RETAIN_SELF = YES;
				CLANG_WARN_OBJC_LITERAL_CONVERSION = YES;
				CLANG_WARN_OBJC_ROOT_CLASS = YES_ERROR;
				CLANG_WARN_RANGE_LOOP_ANALYSIS = YES;
				CLANG_WARN_STRICT_PROTOTYPES = YES;
				CLANG_WARN_SUSPICIOUS_MOVE = YES;
				CLANG_WARN_UNGUARDED_AVAILABILITY = YES_AGGRESSIVE;
				CLANG_WARN_UNREACHABLE_CODE = YES;
				CLANG_WARN__DUPLICATE_METHOD_MATCH = YES;
				COPY_PHASE_STRIP = NO;
				DEBUG_INFORMATION_FORMAT = dwarf;
				ENABLE_STRICT_OBJC_MSGSEND = YES;
				ENABLE_TESTABILITY = YES;
				GCC_C_LANGUAGE_STANDARD = gnu11;
				GCC_DYNAMIC_NO_PIC = NO;
				GCC_NO_COMMON_BLOCKS = YES;
				GCC_OPTIMIZATION_LEVEL = 0;
				GCC_PREPROCESSOR_DEFINITIONS = (
					"DEBUG=1",
					"$(inherited)",
				);
				GCC_WARN_64_TO_32_BIT_CONVERSION = YES;
				GCC_WARN_ABOUT_RETURN_TYPE = YES_ERROR;
				GCC_WARN_UNDECLARED_SELECTOR = YES;
				GCC_WARN_UNINITIALIZED_AUTOS = YES_AGGRESSIVE;
				GCC_WARN_UNUSED_FUNCTION = YES;
				GCC_WARN_UNUSED_VARIABLE = YES;
				IPHONEOS_DEPLOYMENT_TARGET = 13.2;
				MTL_ENABLE_DEBUG_INFO = INCLUDE_SOURCE;
				MTL_FAST_MATH = YES;
				ONLY_ACTIVE_ARCH = YES;
				SDKROOT = iphoneos;
				SWIFT_ACTIVE_COMPILATION_CONDITIONS = DEBUG;
				SWIFT_OPTIMIZATION_LEVEL = "-Onone";
			};
			name = Debug;
		};
		3CF0A6C523FF0FD10092D7BE /* Release */ = {
			isa = XCBuildConfiguration;
			buildSettings = {
				ALWAYS_SEARCH_USER_PATHS = NO;
				CLANG_ANALYZER_NONNULL = YES;
				CLANG_ANALYZER_NUMBER_OBJECT_CONVERSION = YES_AGGRESSIVE;
				CLANG_CXX_LANGUAGE_STANDARD = "gnu++14";
				CLANG_CXX_LIBRARY = "libc++";
				CLANG_ENABLE_MODULES = YES;
				CLANG_ENABLE_OBJC_ARC = YES;
				CLANG_ENABLE_OBJC_WEAK = YES;
				CLANG_WARN_BLOCK_CAPTURE_AUTORELEASING = YES;
				CLANG_WARN_BOOL_CONVERSION = YES;
				CLANG_WARN_COMMA = YES;
				CLANG_WARN_CONSTANT_CONVERSION = YES;
				CLANG_WARN_DEPRECATED_OBJC_IMPLEMENTATIONS = YES;
				CLANG_WARN_DIRECT_OBJC_ISA_USAGE = YES_ERROR;
				CLANG_WARN_DOCUMENTATION_COMMENTS = YES;
				CLANG_WARN_EMPTY_BODY = YES;
				CLANG_WARN_ENUM_CONVERSION = YES;
				CLANG_WARN_INFINITE_RECURSION = YES;
				CLANG_WARN_INT_CONVERSION = YES;
				CLANG_WARN_NON_LITERAL_NULL_CONVERSION = YES;
				CLANG_WARN_OBJC_IMPLICIT_RETAIN_SELF = YES;
				CLANG_WARN_OBJC_LITERAL_CONVERSION = YES;
				CLANG_WARN_OBJC_ROOT_CLASS = YES_ERROR;
				CLANG_WARN_RANGE_LOOP_ANALYSIS = YES;
				CLANG_WARN_STRICT_PROTOTYPES = YES;
				CLANG_WARN_SUSPICIOUS_MOVE = YES;
				CLANG_WARN_UNGUARDED_AVAILABILITY = YES_AGGRESSIVE;
				CLANG_WARN_UNREACHABLE_CODE = YES;
				CLANG_WARN__DUPLICATE_METHOD_MATCH = YES;
				COPY_PHASE_STRIP = NO;
				DEBUG_INFORMATION_FORMAT = "dwarf-with-dsym";
				ENABLE_NS_ASSERTIONS = NO;
				ENABLE_STRICT_OBJC_MSGSEND = YES;
				GCC_C_LANGUAGE_STANDARD = gnu11;
				GCC_NO_COMMON_BLOCKS = YES;
				GCC_WARN_64_TO_32_BIT_CONVERSION = YES;
				GCC_WARN_ABOUT_RETURN_TYPE = YES_ERROR;
				GCC_WARN_UNDECLARED_SELECTOR = YES;
				GCC_WARN_UNINITIALIZED_AUTOS = YES_AGGRESSIVE;
				GCC_WARN_UNUSED_FUNCTION = YES;
				GCC_WARN_UNUSED_VARIABLE = YES;
				IPHONEOS_DEPLOYMENT_TARGET = 13.2;
				MTL_ENABLE_DEBUG_INFO = NO;
				MTL_FAST_MATH = YES;
				SDKROOT = iphoneos;
				SWIFT_COMPILATION_MODE = wholemodule;
				SWIFT_OPTIMIZATION_LEVEL = "-O";
				VALIDATE_PRODUCT = YES;
			};
			name = Release;
		};
		3CF0A6C723FF0FD10092D7BE /* Debug */ = {
			isa = XCBuildConfiguration;
			buildSettings = {
				ASSETCATALOG_COMPILER_APPICON_NAME = AppIcon;
				CODE_SIGN_STYLE = Automatic;
				DEVELOPMENT_TEAM = 744HX28NP9;
				INFOPLIST_FILE = okg/Info.plist;
				IPHONEOS_DEPLOYMENT_TARGET = 11.0;
				LD_RUNPATH_SEARCH_PATHS = (
					"$(inherited)",
					"@executable_path/Frameworks",
				);
				PRODUCT_BUNDLE_IDENTIFIER = com.test.okg;
				PRODUCT_NAME = "$(TARGET_NAME)";
				SWIFT_VERSION = 5.0;
				TARGETED_DEVICE_FAMILY = "1,2";
			};
			name = Debug;
		};
		3CF0A6C823FF0FD10092D7BE /* Release */ = {
			isa = XCBuildConfiguration;
			buildSettings = {
				ASSETCATALOG_COMPILER_APPICON_NAME = AppIcon;
				CODE_SIGN_STYLE = Automatic;
				DEVELOPMENT_TEAM = 744HX28NP9;
				INFOPLIST_FILE = okg/Info.plist;
				IPHONEOS_DEPLOYMENT_TARGET = 11.0;
				LD_RUNPATH_SEARCH_PATHS = (
					"$(inherited)",
					"@executable_path/Frameworks",
				);
				PRODUCT_BUNDLE_IDENTIFIER = com.test.okg;
				PRODUCT_NAME = "$(TARGET_NAME)";
				SWIFT_VERSION = 5.0;
				TARGETED_DEVICE_FAMILY = "1,2";
			};
			name = Release;
		};
		3CF0A6DF23FF112B0092D7BE /* Debug */ = {
			isa = XCBuildConfiguration;
			buildSettings = {
				ASSETCATALOG_COMPILER_APPICON_NAME = AppIcon;
				CODE_SIGN_STYLE = Automatic;
				DEVELOPMENT_TEAM = 744HX28NP9;
				INFOPLIST_FILE = okgAdmin/Info.plist;
				LD_RUNPATH_SEARCH_PATHS = (
					"$(inherited)",
					"@executable_path/Frameworks",
				);
				PRODUCT_BUNDLE_IDENTIFIER = com.test.okgAdmin;
				PRODUCT_NAME = "$(TARGET_NAME)";
				SWIFT_VERSION = 5.0;
				TARGETED_DEVICE_FAMILY = "1,2";
			};
			name = Debug;
		};
		3CF0A6E023FF112B0092D7BE /* Release */ = {
			isa = XCBuildConfiguration;
			buildSettings = {
				ASSETCATALOG_COMPILER_APPICON_NAME = AppIcon;
				CODE_SIGN_STYLE = Automatic;
				DEVELOPMENT_TEAM = 744HX28NP9;
				INFOPLIST_FILE = okgAdmin/Info.plist;
				LD_RUNPATH_SEARCH_PATHS = (
					"$(inherited)",
					"@executable_path/Frameworks",
				);
				PRODUCT_BUNDLE_IDENTIFIER = com.test.okgAdmin;
				PRODUCT_NAME = "$(TARGET_NAME)";
				SWIFT_VERSION = 5.0;
				TARGETED_DEVICE_FAMILY = "1,2";
			};
			name = Release;
		};
/* End XCBuildConfiguration section */

/* Begin XCConfigurationList section */
		3CF0A6AD23FF0FD00092D7BE /* Build configuration list for PBXProject "okg" */ = {
			isa = XCConfigurationList;
			buildConfigurations = (
				3CF0A6C423FF0FD10092D7BE /* Debug */,
				3CF0A6C523FF0FD10092D7BE /* Release */,
			);
			defaultConfigurationIsVisible = 0;
			defaultConfigurationName = Release;
		};
		3CF0A6C623FF0FD10092D7BE /* Build configuration list for PBXNativeTarget "okg" */ = {
			isa = XCConfigurationList;
			buildConfigurations = (
				3CF0A6C723FF0FD10092D7BE /* Debug */,
				3CF0A6C823FF0FD10092D7BE /* Release */,
			);
			defaultConfigurationIsVisible = 0;
			defaultConfigurationName = Release;
		};
		3CF0A6DE23FF112B0092D7BE /* Build configuration list for PBXNativeTarget "okgAdmin" */ = {
			isa = XCConfigurationList;
			buildConfigurations = (
				3CF0A6DF23FF112B0092D7BE /* Debug */,
				3CF0A6E023FF112B0092D7BE /* Release */,
			);
			defaultConfigurationIsVisible = 0;
			defaultConfigurationName = Release;
		};
/* End XCConfigurationList section */
	};
	rootObject = 3CF0A6AA23FF0FD00092D7BE /* Project object */;
}
